
Microsoft Visual Studio Solution File, Format Version 12.00
# Visual Studio Version 17
VisualStudioVersion = 17.0.32126.317
MinimumVisualStudioVersion = 10.0.40219.1
Project("{FAE04EC0-301F-11D3-BF4B-00C04F79EFBC}") = "Hohoema", "Hohoema\Hohoema.csproj", "{17BCCDA1-CE22-4306-8845-FDD7B346944D}"
EndProject
Project("{FAE04EC0-301F-11D3-BF4B-00C04F79EFBC}") = "HohoemaModelTest", "HohoemaModelTest\HohoemaModelTest.csproj", "{D46333EA-134E-46A0-AA86-FECA2C1E74E3}"
EndProject
Project("{FAE04EC0-301F-11D3-BF4B-00C04F79EFBC}") = "Hohoema.Core", "Hohoema.Core\Hohoema.Core.csproj", "{5877A9CA-2D3A-4B8B-86CA-D77E6D68CF98}"
EndProject
Global
	GlobalSection(SolutionConfigurationPlatforms) = preSolution
		Debug|ARM64 = Debug|ARM64
		Debug|x64 = Debug|x64
		Debug|x86 = Debug|x86
		Release|ARM64 = Release|ARM64
		Release|x64 = Release|x64
		Release|x86 = Release|x86
	EndGlobalSection
	GlobalSection(ProjectConfigurationPlatforms) = postSolution
		{17BCCDA1-CE22-4306-8845-FDD7B346944D}.Debug|ARM64.ActiveCfg = Debug|ARM64
		{17BCCDA1-CE22-4306-8845-FDD7B346944D}.Debug|ARM64.Build.0 = Debug|ARM64
		{17BCCDA1-CE22-4306-8845-FDD7B346944D}.Debug|ARM64.Deploy.0 = Debug|ARM64
		{17BCCDA1-CE22-4306-8845-FDD7B346944D}.Debug|x64.ActiveCfg = Debug|x64
		{17BCCDA1-CE22-4306-8845-FDD7B346944D}.Debug|x64.Build.0 = Debug|x64
		{17BCCDA1-CE22-4306-8845-FDD7B346944D}.Debug|x64.Deploy.0 = Debug|x64
		{17BCCDA1-CE22-4306-8845-FDD7B346944D}.Debug|x86.ActiveCfg = Debug|x86
		{17BCCDA1-CE22-4306-8845-FDD7B346944D}.Debug|x86.Build.0 = Debug|x86
		{17BCCDA1-CE22-4306-8845-FDD7B346944D}.Debug|x86.Deploy.0 = Debug|x86
		{17BCCDA1-CE22-4306-8845-FDD7B346944D}.Release|ARM64.ActiveCfg = Release|ARM64
		{17BCCDA1-CE22-4306-8845-FDD7B346944D}.Release|ARM64.Build.0 = Release|ARM64
		{17BCCDA1-CE22-4306-8845-FDD7B346944D}.Release|ARM64.Deploy.0 = Release|ARM64
		{17BCCDA1-CE22-4306-8845-FDD7B346944D}.Release|x64.ActiveCfg = Release|x64
		{17BCCDA1-CE22-4306-8845-FDD7B346944D}.Release|x64.Build.0 = Release|x64
		{17BCCDA1-CE22-4306-8845-FDD7B346944D}.Release|x64.Deploy.0 = Release|x64
		{17BCCDA1-CE22-4306-8845-FDD7B346944D}.Release|x86.ActiveCfg = Release|x86
		{17BCCDA1-CE22-4306-8845-FDD7B346944D}.Release|x86.Build.0 = Release|x86
		{17BCCDA1-CE22-4306-8845-FDD7B346944D}.Release|x86.Deploy.0 = Release|x86
		{D46333EA-134E-46A0-AA86-FECA2C1E74E3}.Debug|ARM64.ActiveCfg = Debug|ARM64
		{D46333EA-134E-46A0-AA86-FECA2C1E74E3}.Debug|x64.ActiveCfg = Debug|x64
		{D46333EA-134E-46A0-AA86-FECA2C1E74E3}.Debug|x86.ActiveCfg = Debug|x86
		{D46333EA-134E-46A0-AA86-FECA2C1E74E3}.Release|ARM64.ActiveCfg = Release|ARM64
		{D46333EA-134E-46A0-AA86-FECA2C1E74E3}.Release|ARM64.Build.0 = Release|ARM64
		{D46333EA-134E-46A0-AA86-FECA2C1E74E3}.Release|ARM64.Deploy.0 = Release|ARM64
		{D46333EA-134E-46A0-AA86-FECA2C1E74E3}.Release|x64.ActiveCfg = Release|x64
		{D46333EA-134E-46A0-AA86-FECA2C1E74E3}.Release|x86.ActiveCfg = Release|x86
		{D46333EA-134E-46A0-AA86-FECA2C1E74E3}.Release|x86.Build.0 = Release|x86
		{D46333EA-134E-46A0-AA86-FECA2C1E74E3}.Release|x86.Deploy.0 = Release|x86
		{5877A9CA-2D3A-4B8B-86CA-D77E6D68CF98}.Debug|ARM64.ActiveCfg = Debug|ARM64
		{5877A9CA-2D3A-4B8B-86CA-D77E6D68CF98}.Debug|ARM64.Build.0 = Debug|ARM64
		{5877A9CA-2D3A-4B8B-86CA-D77E6D68CF98}.Debug|x64.ActiveCfg = Debug|x64
		{5877A9CA-2D3A-4B8B-86CA-D77E6D68CF98}.Debug|x64.Build.0 = Debug|x64
		{5877A9CA-2D3A-4B8B-86CA-D77E6D68CF98}.Debug|x86.ActiveCfg = Debug|x86
		{5877A9CA-2D3A-4B8B-86CA-D77E6D68CF98}.Debug|x86.Build.0 = Debug|x86
		{5877A9CA-2D3A-4B8B-86CA-D77E6D68CF98}.Release|ARM64.ActiveCfg = Release|ARM64
		{5877A9CA-2D3A-4B8B-86CA-D77E6D68CF98}.Release|ARM64.Build.0 = Release|ARM64
		{5877A9CA-2D3A-4B8B-86CA-D77E6D68CF98}.Release|x64.ActiveCfg = Release|x64
		{5877A9CA-2D3A-4B8B-86CA-D77E6D68CF98}.Release|x64.Build.0 = Release|x64
		{5877A9CA-2D3A-4B8B-86CA-D77E6D68CF98}.Release|x86.ActiveCfg = Release|x86
		{5877A9CA-2D3A-4B8B-86CA-D77E6D68CF98}.Release|x86.Build.0 = Release|x86
	EndGlobalSection
	GlobalSection(SolutionProperties) = preSolution
		HideSolutionNode = FALSE
	EndGlobalSection
	GlobalSection(ExtensibilityGlobals) = postSolution
		SolutionGuid = {4DA0CB04-8BD3-4EB9-8E42-BC3073024D4E}
	EndGlobalSection
EndGlobal
