
Microsoft Visual Studio Solution File, Format Version 12.00
# Visual Studio Version 16
VisualStudioVersion = 16.0.29025.244
MinimumVisualStudioVersion = 10.0.40219.1
Project("{FAE04EC0-301F-11D3-BF4B-00C04F79EFBC}") = "Mntone.Nico2.UWP", "OpenNiconico2\Mntone.Nico2.UWP\Mntone.Nico2.UWP.csproj", "{BBF8857D-550A-4228-B9FC-52C38D5346F1}"
EndProject
Project("{2150E333-8FDC-42A3-9474-1A3956D46DE8}") = "OpenNiconico2", "OpenNiconico2", "{68B6C4F7-F969-451D-895C-EB44E94EB089}"
EndProject
Project("{D954291E-2A0B-460D-934E-DC6B0785DB48}") = "Mntone.Nico2.Shared", "OpenNiconico2\Mntone.Nico2\Mntone.Nico2.Shared\Mntone.Nico2.Shared.shproj", "{F1F0B094-2632-4141-88C1-05B082EBAC91}"
EndProject
Project("{FAE04EC0-301F-11D3-BF4B-00C04F79EFBC}") = "Mntone.Nico2.UWP_Latest", "OpenNiconico2\Mntone.Nico2.UWP_Latest\Mntone.Nico2.UWP_Latest.csproj", "{CC63EF1D-ECD6-478D-8852-5C45FBBF697A}"
EndProject
Project("{FAE04EC0-301F-11D3-BF4B-00C04F79EFBC}") = "NiconicoToolkit.UWP", "NiconicoLiveToolkit.UWP\NiconicoToolkit.UWP.csproj", "{311B8388-57D0-4724-AD17-BE76A2ABF0A9}"
EndProject
Project("{FAE04EC0-301F-11D3-BF4B-00C04F79EFBC}") = "Hohoema", "Hohoema\Hohoema.csproj", "{17BCCDA1-CE22-4306-8845-FDD7B346944D}"
EndProject
Project("{2150E333-8FDC-42A3-9474-1A3956D46DE8}") = "NiconicoToolkit", "NiconicoToolkit", "{6589B23F-788C-48D0-97FA-A7B3A437BF4B}"
EndProject
Project("{FAE04EC0-301F-11D3-BF4B-00C04F79EFBC}") = "NiconicoToolkit.UWP.Test", "NiconicoToolkit.UWP.Test\NiconicoToolkit.UWP.Test.csproj", "{438CA939-B3B3-49C9-B982-0AA3A4059D57}"
EndProject
Global
	GlobalSection(SharedMSBuildProjectFiles) = preSolution
		OpenNiconico2\Mntone.Nico2\Mntone.Nico2.Shared\Mntone.Nico2.Shared.projitems*{bbf8857d-550a-4228-b9fc-52c38d5346f1}*SharedItemsImports = 4
		OpenNiconico2\Mntone.Nico2\Mntone.Nico2.Shared\Mntone.Nico2.Shared.projitems*{cc63ef1d-ecd6-478d-8852-5c45fbbf697a}*SharedItemsImports = 4
		OpenNiconico2\Mntone.Nico2\Mntone.Nico2.Shared\Mntone.Nico2.Shared.projitems*{f1f0b094-2632-4141-88c1-05b082ebac91}*SharedItemsImports = 13
	EndGlobalSection
	GlobalSection(SolutionConfigurationPlatforms) = preSolution
		Debug|Any CPU = Debug|Any CPU
		Debug|ARM = Debug|ARM
		Debug|ARM64 = Debug|ARM64
		Debug|x64 = Debug|x64
		Debug|x86 = Debug|x86
		Release|Any CPU = Release|Any CPU
		Release|ARM = Release|ARM
		Release|ARM64 = Release|ARM64
		Release|x64 = Release|x64
		Release|x86 = Release|x86
	EndGlobalSection
	GlobalSection(ProjectConfigurationPlatforms) = postSolution
		{BBF8857D-550A-4228-B9FC-52C38D5346F1}.Debug|Any CPU.ActiveCfg = Debug|Any CPU
		{BBF8857D-550A-4228-B9FC-52C38D5346F1}.Debug|Any CPU.Build.0 = Debug|Any CPU
		{BBF8857D-550A-4228-B9FC-52C38D5346F1}.Debug|ARM.ActiveCfg = Debug|ARM
		{BBF8857D-550A-4228-B9FC-52C38D5346F1}.Debug|ARM.Build.0 = Debug|ARM
		{BBF8857D-550A-4228-B9FC-52C38D5346F1}.Debug|ARM64.ActiveCfg = Debug|Any CPU
		{BBF8857D-550A-4228-B9FC-52C38D5346F1}.Debug|ARM64.Build.0 = Debug|Any CPU
		{BBF8857D-550A-4228-B9FC-52C38D5346F1}.Debug|x64.ActiveCfg = Debug|x64
		{BBF8857D-550A-4228-B9FC-52C38D5346F1}.Debug|x86.ActiveCfg = Debug|x86
		{BBF8857D-550A-4228-B9FC-52C38D5346F1}.Debug|x86.Build.0 = Debug|x86
		{BBF8857D-550A-4228-B9FC-52C38D5346F1}.Release|Any CPU.ActiveCfg = Release|Any CPU
		{BBF8857D-550A-4228-B9FC-52C38D5346F1}.Release|Any CPU.Build.0 = Release|Any CPU
		{BBF8857D-550A-4228-B9FC-52C38D5346F1}.Release|ARM.ActiveCfg = Release|ARM
		{BBF8857D-550A-4228-B9FC-52C38D5346F1}.Release|ARM.Build.0 = Release|ARM
		{BBF8857D-550A-4228-B9FC-52C38D5346F1}.Release|ARM64.ActiveCfg = Release|Any CPU
		{BBF8857D-550A-4228-B9FC-52C38D5346F1}.Release|ARM64.Build.0 = Release|Any CPU
		{BBF8857D-550A-4228-B9FC-52C38D5346F1}.Release|x64.ActiveCfg = Release|x64
		{BBF8857D-550A-4228-B9FC-52C38D5346F1}.Release|x86.ActiveCfg = Release|x86
		{BBF8857D-550A-4228-B9FC-52C38D5346F1}.Release|x86.Build.0 = Release|x86
		{CC63EF1D-ECD6-478D-8852-5C45FBBF697A}.Debug|Any CPU.ActiveCfg = Debug|Any CPU
		{CC63EF1D-ECD6-478D-8852-5C45FBBF697A}.Debug|Any CPU.Build.0 = Debug|Any CPU
		{CC63EF1D-ECD6-478D-8852-5C45FBBF697A}.Debug|ARM.ActiveCfg = Debug|ARM
		{CC63EF1D-ECD6-478D-8852-5C45FBBF697A}.Debug|ARM.Build.0 = Debug|ARM
		{CC63EF1D-ECD6-478D-8852-5C45FBBF697A}.Debug|ARM64.ActiveCfg = Debug|ARM64
		{CC63EF1D-ECD6-478D-8852-5C45FBBF697A}.Debug|ARM64.Build.0 = Debug|ARM64
		{CC63EF1D-ECD6-478D-8852-5C45FBBF697A}.Debug|x64.ActiveCfg = Debug|x64
		{CC63EF1D-ECD6-478D-8852-5C45FBBF697A}.Debug|x64.Build.0 = Debug|x64
		{CC63EF1D-ECD6-478D-8852-5C45FBBF697A}.Debug|x86.ActiveCfg = Debug|x86
		{CC63EF1D-ECD6-478D-8852-5C45FBBF697A}.Debug|x86.Build.0 = Debug|x86
		{CC63EF1D-ECD6-478D-8852-5C45FBBF697A}.Release|Any CPU.ActiveCfg = Release|Any CPU
		{CC63EF1D-ECD6-478D-8852-5C45FBBF697A}.Release|Any CPU.Build.0 = Release|Any CPU
		{CC63EF1D-ECD6-478D-8852-5C45FBBF697A}.Release|ARM.ActiveCfg = Release|ARM
		{CC63EF1D-ECD6-478D-8852-5C45FBBF697A}.Release|ARM.Build.0 = Release|ARM
		{CC63EF1D-ECD6-478D-8852-5C45FBBF697A}.Release|ARM64.ActiveCfg = Release|ARM64
		{CC63EF1D-ECD6-478D-8852-5C45FBBF697A}.Release|ARM64.Build.0 = Release|ARM64
		{CC63EF1D-ECD6-478D-8852-5C45FBBF697A}.Release|x64.ActiveCfg = Release|x64
		{CC63EF1D-ECD6-478D-8852-5C45FBBF697A}.Release|x64.Build.0 = Release|x64
		{CC63EF1D-ECD6-478D-8852-5C45FBBF697A}.Release|x86.ActiveCfg = Release|x86
		{CC63EF1D-ECD6-478D-8852-5C45FBBF697A}.Release|x86.Build.0 = Release|x86
		{311B8388-57D0-4724-AD17-BE76A2ABF0A9}.Debug|Any CPU.ActiveCfg = Debug|Any CPU
		{311B8388-57D0-4724-AD17-BE76A2ABF0A9}.Debug|Any CPU.Build.0 = Debug|Any CPU
		{311B8388-57D0-4724-AD17-BE76A2ABF0A9}.Debug|ARM.ActiveCfg = Debug|ARM
		{311B8388-57D0-4724-AD17-BE76A2ABF0A9}.Debug|ARM.Build.0 = Debug|ARM
		{311B8388-57D0-4724-AD17-BE76A2ABF0A9}.Debug|ARM64.ActiveCfg = Debug|ARM64
		{311B8388-57D0-4724-AD17-BE76A2ABF0A9}.Debug|ARM64.Build.0 = Debug|ARM64
		{311B8388-57D0-4724-AD17-BE76A2ABF0A9}.Debug|x64.ActiveCfg = Debug|x64
		{311B8388-57D0-4724-AD17-BE76A2ABF0A9}.Debug|x64.Build.0 = Debug|x64
		{311B8388-57D0-4724-AD17-BE76A2ABF0A9}.Debug|x86.ActiveCfg = Debug|x86
		{311B8388-57D0-4724-AD17-BE76A2ABF0A9}.Debug|x86.Build.0 = Debug|x86
		{311B8388-57D0-4724-AD17-BE76A2ABF0A9}.Release|Any CPU.ActiveCfg = Release|Any CPU
		{311B8388-57D0-4724-AD17-BE76A2ABF0A9}.Release|Any CPU.Build.0 = Release|Any CPU
		{311B8388-57D0-4724-AD17-BE76A2ABF0A9}.Release|ARM.ActiveCfg = Release|ARM
		{311B8388-57D0-4724-AD17-BE76A2ABF0A9}.Release|ARM.Build.0 = Release|ARM
		{311B8388-57D0-4724-AD17-BE76A2ABF0A9}.Release|ARM64.ActiveCfg = Release|ARM64
		{311B8388-57D0-4724-AD17-BE76A2ABF0A9}.Release|ARM64.Build.0 = Release|ARM64
		{311B8388-57D0-4724-AD17-BE76A2ABF0A9}.Release|x64.ActiveCfg = Release|x64
		{311B8388-57D0-4724-AD17-BE76A2ABF0A9}.Release|x64.Build.0 = Release|x64
		{311B8388-57D0-4724-AD17-BE76A2ABF0A9}.Release|x86.ActiveCfg = Release|x86
		{311B8388-57D0-4724-AD17-BE76A2ABF0A9}.Release|x86.Build.0 = Release|x86
		{17BCCDA1-CE22-4306-8845-FDD7B346944D}.Debug|Any CPU.ActiveCfg = Debug|x86
		{17BCCDA1-CE22-4306-8845-FDD7B346944D}.Debug|ARM.ActiveCfg = Debug|ARM
		{17BCCDA1-CE22-4306-8845-FDD7B346944D}.Debug|ARM.Build.0 = Debug|ARM
		{17BCCDA1-CE22-4306-8845-FDD7B346944D}.Debug|ARM.Deploy.0 = Debug|ARM
		{17BCCDA1-CE22-4306-8845-FDD7B346944D}.Debug|ARM64.ActiveCfg = Debug|ARM64
		{17BCCDA1-CE22-4306-8845-FDD7B346944D}.Debug|ARM64.Build.0 = Debug|ARM64
		{17BCCDA1-CE22-4306-8845-FDD7B346944D}.Debug|ARM64.Deploy.0 = Debug|ARM64
		{17BCCDA1-CE22-4306-8845-FDD7B346944D}.Debug|x64.ActiveCfg = Debug|x64
		{17BCCDA1-CE22-4306-8845-FDD7B346944D}.Debug|x64.Build.0 = Debug|x64
		{17BCCDA1-CE22-4306-8845-FDD7B346944D}.Debug|x64.Deploy.0 = Debug|x64
		{17BCCDA1-CE22-4306-8845-FDD7B346944D}.Debug|x86.ActiveCfg = Debug|x86
		{17BCCDA1-CE22-4306-8845-FDD7B346944D}.Debug|x86.Build.0 = Debug|x86
		{17BCCDA1-CE22-4306-8845-FDD7B346944D}.Debug|x86.Deploy.0 = Debug|x86
		{17BCCDA1-CE22-4306-8845-FDD7B346944D}.Release|Any CPU.ActiveCfg = Release|x86
		{17BCCDA1-CE22-4306-8845-FDD7B346944D}.Release|ARM.ActiveCfg = Release|ARM
		{17BCCDA1-CE22-4306-8845-FDD7B346944D}.Release|ARM.Build.0 = Release|ARM
		{17BCCDA1-CE22-4306-8845-FDD7B346944D}.Release|ARM.Deploy.0 = Release|ARM
		{17BCCDA1-CE22-4306-8845-FDD7B346944D}.Release|ARM64.ActiveCfg = Release|ARM64
		{17BCCDA1-CE22-4306-8845-FDD7B346944D}.Release|ARM64.Build.0 = Release|ARM64
		{17BCCDA1-CE22-4306-8845-FDD7B346944D}.Release|ARM64.Deploy.0 = Release|ARM64
		{17BCCDA1-CE22-4306-8845-FDD7B346944D}.Release|x64.ActiveCfg = Release|x64
		{17BCCDA1-CE22-4306-8845-FDD7B346944D}.Release|x64.Build.0 = Release|x64
		{17BCCDA1-CE22-4306-8845-FDD7B346944D}.Release|x64.Deploy.0 = Release|x64
		{17BCCDA1-CE22-4306-8845-FDD7B346944D}.Release|x86.ActiveCfg = Release|x86
		{17BCCDA1-CE22-4306-8845-FDD7B346944D}.Release|x86.Build.0 = Release|x86
		{17BCCDA1-CE22-4306-8845-FDD7B346944D}.Release|x86.Deploy.0 = Release|x86
		{438CA939-B3B3-49C9-B982-0AA3A4059D57}.Debug|Any CPU.ActiveCfg = Debug|x86
		{438CA939-B3B3-49C9-B982-0AA3A4059D57}.Debug|ARM.ActiveCfg = Debug|ARM
		{438CA939-B3B3-49C9-B982-0AA3A4059D57}.Debug|ARM.Build.0 = Debug|ARM
		{438CA939-B3B3-49C9-B982-0AA3A4059D57}.Debug|ARM.Deploy.0 = Debug|ARM
		{438CA939-B3B3-49C9-B982-0AA3A4059D57}.Debug|ARM64.ActiveCfg = Debug|ARM64
		{438CA939-B3B3-49C9-B982-0AA3A4059D57}.Debug|ARM64.Build.0 = Debug|ARM64
		{438CA939-B3B3-49C9-B982-0AA3A4059D57}.Debug|ARM64.Deploy.0 = Debug|ARM64
		{438CA939-B3B3-49C9-B982-0AA3A4059D57}.Debug|x64.ActiveCfg = Debug|x64
		{438CA939-B3B3-49C9-B982-0AA3A4059D57}.Debug|x86.ActiveCfg = Debug|x86
		{438CA939-B3B3-49C9-B982-0AA3A4059D57}.Debug|x86.Build.0 = Debug|x86
		{438CA939-B3B3-49C9-B982-0AA3A4059D57}.Debug|x86.Deploy.0 = Debug|x86
		{438CA939-B3B3-49C9-B982-0AA3A4059D57}.Release|Any CPU.ActiveCfg = Release|x86
		{438CA939-B3B3-49C9-B982-0AA3A4059D57}.Release|ARM.ActiveCfg = Release|ARM
		{438CA939-B3B3-49C9-B982-0AA3A4059D57}.Release|ARM.Build.0 = Release|ARM
		{438CA939-B3B3-49C9-B982-0AA3A4059D57}.Release|ARM.Deploy.0 = Release|ARM
		{438CA939-B3B3-49C9-B982-0AA3A4059D57}.Release|ARM64.ActiveCfg = Release|ARM64
		{438CA939-B3B3-49C9-B982-0AA3A4059D57}.Release|ARM64.Build.0 = Release|ARM64
		{438CA939-B3B3-49C9-B982-0AA3A4059D57}.Release|ARM64.Deploy.0 = Release|ARM64
		{438CA939-B3B3-49C9-B982-0AA3A4059D57}.Release|x64.ActiveCfg = Release|x64
		{438CA939-B3B3-49C9-B982-0AA3A4059D57}.Release|x86.ActiveCfg = Release|x86
		{438CA939-B3B3-49C9-B982-0AA3A4059D57}.Release|x86.Build.0 = Release|x86
		{438CA939-B3B3-49C9-B982-0AA3A4059D57}.Release|x86.Deploy.0 = Release|x86
	EndGlobalSection
	GlobalSection(SolutionProperties) = preSolution
		HideSolutionNode = FALSE
	EndGlobalSection
	GlobalSection(NestedProjects) = preSolution
		{BBF8857D-550A-4228-B9FC-52C38D5346F1} = {68B6C4F7-F969-451D-895C-EB44E94EB089}
		{F1F0B094-2632-4141-88C1-05B082EBAC91} = {68B6C4F7-F969-451D-895C-EB44E94EB089}
		{CC63EF1D-ECD6-478D-8852-5C45FBBF697A} = {68B6C4F7-F969-451D-895C-EB44E94EB089}
		{311B8388-57D0-4724-AD17-BE76A2ABF0A9} = {6589B23F-788C-48D0-97FA-A7B3A437BF4B}
		{438CA939-B3B3-49C9-B982-0AA3A4059D57} = {6589B23F-788C-48D0-97FA-A7B3A437BF4B}
	EndGlobalSection
	GlobalSection(ExtensibilityGlobals) = postSolution
		SolutionGuid = {4DA0CB04-8BD3-4EB9-8E42-BC3073024D4E}
	EndGlobalSection
EndGlobal
