
Microsoft Visual Studio Solution File, Format Version 12.00
# Visual Studio 14
VisualStudioVersion = 14.0.25420.1
MinimumVisualStudioVersion = 10.0.40219.1
Project("{FAE04EC0-301F-11D3-BF4B-00C04F79EFBC}") = "NicoPlayerHohoema", "NicoPlayerHohoema\NicoPlayerHohoema.csproj", "{9E535220-1265-4F11-B548-9FD4FADAA25D}"
EndProject
Project("{FAE04EC0-301F-11D3-BF4B-00C04F79EFBC}") = "VideoBackgroundTask", "VideoBackgroundTask\VideoBackgroundTask.csproj", "{03E0D8BA-4F1D-4F35-8335-81B641BBBAC1}"
EndProject
Project("{FAE04EC0-301F-11D3-BF4B-00C04F79EFBC}") = "VideoBackgroundShared", "BackgroundAudioShared\VideoBackgroundShared.csproj", "{62C43640-D9FB-41B8-81B7-A02BE8FACD09}"
EndProject
Global
	GlobalSection(SolutionConfigurationPlatforms) = preSolution
		Debug|Any CPU = Debug|Any CPU
		Debug|ARM = Debug|ARM
		Debug|x64 = Debug|x64
		Debug|x86 = Debug|x86
		Release|Any CPU = Release|Any CPU
		Release|ARM = Release|ARM
		Release|x64 = Release|x64
		Release|x86 = Release|x86
	EndGlobalSection
	GlobalSection(ProjectConfigurationPlatforms) = postSolution
		{9E535220-1265-4F11-B548-9FD4FADAA25D}.Debug|Any CPU.ActiveCfg = Debug|x86
		{9E535220-1265-4F11-B548-9FD4FADAA25D}.Debug|ARM.ActiveCfg = Debug|ARM
		{9E535220-1265-4F11-B548-9FD4FADAA25D}.Debug|ARM.Build.0 = Debug|ARM
		{9E535220-1265-4F11-B548-9FD4FADAA25D}.Debug|ARM.Deploy.0 = Debug|ARM
		{9E535220-1265-4F11-B548-9FD4FADAA25D}.Debug|x64.ActiveCfg = Debug|x64
		{9E535220-1265-4F11-B548-9FD4FADAA25D}.Debug|x64.Build.0 = Debug|x64
		{9E535220-1265-4F11-B548-9FD4FADAA25D}.Debug|x64.Deploy.0 = Debug|x64
		{9E535220-1265-4F11-B548-9FD4FADAA25D}.Debug|x86.ActiveCfg = Debug|x86
		{9E535220-1265-4F11-B548-9FD4FADAA25D}.Debug|x86.Build.0 = Debug|x86
		{9E535220-1265-4F11-B548-9FD4FADAA25D}.Debug|x86.Deploy.0 = Debug|x86
		{9E535220-1265-4F11-B548-9FD4FADAA25D}.Release|Any CPU.ActiveCfg = Release|x86
		{9E535220-1265-4F11-B548-9FD4FADAA25D}.Release|ARM.ActiveCfg = Release|ARM
		{9E535220-1265-4F11-B548-9FD4FADAA25D}.Release|ARM.Build.0 = Release|ARM
		{9E535220-1265-4F11-B548-9FD4FADAA25D}.Release|ARM.Deploy.0 = Release|ARM
		{9E535220-1265-4F11-B548-9FD4FADAA25D}.Release|x64.ActiveCfg = Release|x64
		{9E535220-1265-4F11-B548-9FD4FADAA25D}.Release|x64.Build.0 = Release|x64
		{9E535220-1265-4F11-B548-9FD4FADAA25D}.Release|x64.Deploy.0 = Release|x64
		{9E535220-1265-4F11-B548-9FD4FADAA25D}.Release|x86.ActiveCfg = Release|x86
		{9E535220-1265-4F11-B548-9FD4FADAA25D}.Release|x86.Build.0 = Release|x86
		{9E535220-1265-4F11-B548-9FD4FADAA25D}.Release|x86.Deploy.0 = Release|x86
		{03E0D8BA-4F1D-4F35-8335-81B641BBBAC1}.Debug|Any CPU.ActiveCfg = Debug|Any CPU
		{03E0D8BA-4F1D-4F35-8335-81B641BBBAC1}.Debug|Any CPU.Build.0 = Debug|Any CPU
		{03E0D8BA-4F1D-4F35-8335-81B641BBBAC1}.Debug|ARM.ActiveCfg = Debug|ARM
		{03E0D8BA-4F1D-4F35-8335-81B641BBBAC1}.Debug|ARM.Build.0 = Debug|ARM
		{03E0D8BA-4F1D-4F35-8335-81B641BBBAC1}.Debug|x64.ActiveCfg = Debug|x64
		{03E0D8BA-4F1D-4F35-8335-81B641BBBAC1}.Debug|x64.Build.0 = Debug|x64
		{03E0D8BA-4F1D-4F35-8335-81B641BBBAC1}.Debug|x86.ActiveCfg = Debug|x86
		{03E0D8BA-4F1D-4F35-8335-81B641BBBAC1}.Debug|x86.Build.0 = Debug|x86
		{03E0D8BA-4F1D-4F35-8335-81B641BBBAC1}.Release|Any CPU.ActiveCfg = Release|Any CPU
		{03E0D8BA-4F1D-4F35-8335-81B641BBBAC1}.Release|Any CPU.Build.0 = Release|Any CPU
		{03E0D8BA-4F1D-4F35-8335-81B641BBBAC1}.Release|ARM.ActiveCfg = Release|ARM
		{03E0D8BA-4F1D-4F35-8335-81B641BBBAC1}.Release|ARM.Build.0 = Release|ARM
		{03E0D8BA-4F1D-4F35-8335-81B641BBBAC1}.Release|x64.ActiveCfg = Release|x64
		{03E0D8BA-4F1D-4F35-8335-81B641BBBAC1}.Release|x64.Build.0 = Release|x64
		{03E0D8BA-4F1D-4F35-8335-81B641BBBAC1}.Release|x86.ActiveCfg = Release|x86
		{03E0D8BA-4F1D-4F35-8335-81B641BBBAC1}.Release|x86.Build.0 = Release|x86
		{62C43640-D9FB-41B8-81B7-A02BE8FACD09}.Debug|Any CPU.ActiveCfg = Debug|x86
		{62C43640-D9FB-41B8-81B7-A02BE8FACD09}.Debug|ARM.ActiveCfg = Debug|ARM
		{62C43640-D9FB-41B8-81B7-A02BE8FACD09}.Debug|ARM.Build.0 = Debug|ARM
		{62C43640-D9FB-41B8-81B7-A02BE8FACD09}.Debug|x64.ActiveCfg = Debug|x64
		{62C43640-D9FB-41B8-81B7-A02BE8FACD09}.Debug|x64.Build.0 = Debug|x64
		{62C43640-D9FB-41B8-81B7-A02BE8FACD09}.Debug|x86.ActiveCfg = Debug|x86
		{62C43640-D9FB-41B8-81B7-A02BE8FACD09}.Debug|x86.Build.0 = Debug|x86
		{62C43640-D9FB-41B8-81B7-A02BE8FACD09}.Release|Any CPU.ActiveCfg = Release|x86
		{62C43640-D9FB-41B8-81B7-A02BE8FACD09}.Release|ARM.ActiveCfg = Release|ARM
		{62C43640-D9FB-41B8-81B7-A02BE8FACD09}.Release|ARM.Build.0 = Release|ARM
		{62C43640-D9FB-41B8-81B7-A02BE8FACD09}.Release|x64.ActiveCfg = Release|x64
		{62C43640-D9FB-41B8-81B7-A02BE8FACD09}.Release|x64.Build.0 = Release|x64
		{62C43640-D9FB-41B8-81B7-A02BE8FACD09}.Release|x86.ActiveCfg = Release|x86
		{62C43640-D9FB-41B8-81B7-A02BE8FACD09}.Release|x86.Build.0 = Release|x86
	EndGlobalSection
	GlobalSection(SolutionProperties) = preSolution
		HideSolutionNode = FALSE
	EndGlobalSection
EndGlobal
