
Microsoft Visual Studio Solution File, Format Version 12.00
# Visual Studio 15
VisualStudioVersion = 15.0.27130.0
MinimumVisualStudioVersion = 10.0.40219.1
Project("{FAE04EC0-301F-11D3-BF4B-00C04F79EFBC}") = "NicoPlayerHohoema", "NicoPlayerHohoema\NicoPlayerHohoema.csproj", "{9E535220-1265-4F11-B548-9FD4FADAA25D}"
EndProject
Project("{FAE04EC0-301F-11D3-BF4B-00C04F79EFBC}") = "Mntone.Nico2.UWP", "OpenNiconico2\Mntone.Nico2.UWP\Mntone.Nico2.UWP.csproj", "{BBF8857D-550A-4228-B9FC-52C38D5346F1}"
EndProject
Project("{2150E333-8FDC-42A3-9474-1A3956D46DE8}") = "OpenNiconico2", "OpenNiconico2", "{68B6C4F7-F969-451D-895C-EB44E94EB089}"
EndProject
Project("{D954291E-2A0B-460D-934E-DC6B0785DB48}") = "Mntone.Nico2.Shared", "OpenNiconico2\Mntone.Nico2\Mntone.Nico2.Shared\Mntone.Nico2.Shared.shproj", "{F1F0B094-2632-4141-88C1-05B082EBAC91}"
EndProject
Global
	GlobalSection(SharedMSBuildProjectFiles) = preSolution
		OpenNiconico2\Mntone.Nico2\Mntone.Nico2.Shared\Mntone.Nico2.Shared.projitems*{bbf8857d-550a-4228-b9fc-52c38d5346f1}*SharedItemsImports = 4
		OpenNiconico2\Mntone.Nico2\Mntone.Nico2.Shared\Mntone.Nico2.Shared.projitems*{f1f0b094-2632-4141-88c1-05b082ebac91}*SharedItemsImports = 13
	EndGlobalSection
	GlobalSection(SolutionConfigurationPlatforms) = preSolution
		Debug|Any CPU = Debug|Any CPU
		Debug|ARM = Debug|ARM
		Debug|x64 = Debug|x64
		Debug|x86 = Debug|x86
		Release|Any CPU = Release|Any CPU
		Release|ARM = Release|ARM
		Release|x64 = Release|x64
		Release|x86 = Release|x86
	EndGlobalSection
	GlobalSection(ProjectConfigurationPlatforms) = postSolution
		{9E535220-1265-4F11-B548-9FD4FADAA25D}.Debug|Any CPU.ActiveCfg = Debug|x86
		{9E535220-1265-4F11-B548-9FD4FADAA25D}.Debug|ARM.ActiveCfg = Debug|ARM
		{9E535220-1265-4F11-B548-9FD4FADAA25D}.Debug|ARM.Build.0 = Debug|ARM
		{9E535220-1265-4F11-B548-9FD4FADAA25D}.Debug|ARM.Deploy.0 = Debug|ARM
		{9E535220-1265-4F11-B548-9FD4FADAA25D}.Debug|x64.ActiveCfg = Debug|x64
		{9E535220-1265-4F11-B548-9FD4FADAA25D}.Debug|x64.Build.0 = Debug|x64
		{9E535220-1265-4F11-B548-9FD4FADAA25D}.Debug|x64.Deploy.0 = Debug|x64
		{9E535220-1265-4F11-B548-9FD4FADAA25D}.Debug|x86.ActiveCfg = Debug|x86
		{9E535220-1265-4F11-B548-9FD4FADAA25D}.Debug|x86.Build.0 = Debug|x86
		{9E535220-1265-4F11-B548-9FD4FADAA25D}.Debug|x86.Deploy.0 = Debug|x86
		{9E535220-1265-4F11-B548-9FD4FADAA25D}.Release|Any CPU.ActiveCfg = Release|x86
		{9E535220-1265-4F11-B548-9FD4FADAA25D}.Release|ARM.ActiveCfg = Release|ARM
		{9E535220-1265-4F11-B548-9FD4FADAA25D}.Release|ARM.Build.0 = Release|ARM
		{9E535220-1265-4F11-B548-9FD4FADAA25D}.Release|ARM.Deploy.0 = Release|ARM
		{9E535220-1265-4F11-B548-9FD4FADAA25D}.Release|x64.ActiveCfg = Release|x64
		{9E535220-1265-4F11-B548-9FD4FADAA25D}.Release|x64.Build.0 = Release|x64
		{9E535220-1265-4F11-B548-9FD4FADAA25D}.Release|x64.Deploy.0 = Release|x64
		{9E535220-1265-4F11-B548-9FD4FADAA25D}.Release|x86.ActiveCfg = Release|x86
		{9E535220-1265-4F11-B548-9FD4FADAA25D}.Release|x86.Build.0 = Release|x86
		{9E535220-1265-4F11-B548-9FD4FADAA25D}.Release|x86.Deploy.0 = Release|x86
		{BBF8857D-550A-4228-B9FC-52C38D5346F1}.Debug|Any CPU.ActiveCfg = Debug|Any CPU
		{BBF8857D-550A-4228-B9FC-52C38D5346F1}.Debug|Any CPU.Build.0 = Debug|Any CPU
		{BBF8857D-550A-4228-B9FC-52C38D5346F1}.Debug|ARM.ActiveCfg = Debug|ARM
		{BBF8857D-550A-4228-B9FC-52C38D5346F1}.Debug|ARM.Build.0 = Debug|ARM
		{BBF8857D-550A-4228-B9FC-52C38D5346F1}.Debug|x64.ActiveCfg = Debug|x64
		{BBF8857D-550A-4228-B9FC-52C38D5346F1}.Debug|x64.Build.0 = Debug|x64
		{BBF8857D-550A-4228-B9FC-52C38D5346F1}.Debug|x86.ActiveCfg = Debug|x86
		{BBF8857D-550A-4228-B9FC-52C38D5346F1}.Debug|x86.Build.0 = Debug|x86
		{BBF8857D-550A-4228-B9FC-52C38D5346F1}.Release|Any CPU.ActiveCfg = Release|Any CPU
		{BBF8857D-550A-4228-B9FC-52C38D5346F1}.Release|Any CPU.Build.0 = Release|Any CPU
		{BBF8857D-550A-4228-B9FC-52C38D5346F1}.Release|ARM.ActiveCfg = Release|ARM
		{BBF8857D-550A-4228-B9FC-52C38D5346F1}.Release|ARM.Build.0 = Release|ARM
		{BBF8857D-550A-4228-B9FC-52C38D5346F1}.Release|x64.ActiveCfg = Release|x64
		{BBF8857D-550A-4228-B9FC-52C38D5346F1}.Release|x64.Build.0 = Release|x64
		{BBF8857D-550A-4228-B9FC-52C38D5346F1}.Release|x86.ActiveCfg = Release|x86
		{BBF8857D-550A-4228-B9FC-52C38D5346F1}.Release|x86.Build.0 = Release|x86
	EndGlobalSection
	GlobalSection(SolutionProperties) = preSolution
		HideSolutionNode = FALSE
	EndGlobalSection
	GlobalSection(NestedProjects) = preSolution
		{BBF8857D-550A-4228-B9FC-52C38D5346F1} = {68B6C4F7-F969-451D-895C-EB44E94EB089}
		{F1F0B094-2632-4141-88C1-05B082EBAC91} = {68B6C4F7-F969-451D-895C-EB44E94EB089}
	EndGlobalSection
	GlobalSection(ExtensibilityGlobals) = postSolution
		SolutionGuid = {4DA0CB04-8BD3-4EB9-8E42-BC3073024D4E}
	EndGlobalSection
EndGlobal
